
Microsoft Visual Studio Solution File, Format Version 12.00
# Visual Studio Version 16
VisualStudioVersion = 16.0.31424.327
MinimumVisualStudioVersion = 10.0.40219.1
Project("{9A19103F-16F7-4668-BE54-9A1E7A4F7556}") = "TestApp.Data", "TestApp.Repository\TestApp.Data.csproj", "{751974FB-8EDE-40B8-89F9-440E6E5C4E27}"
EndProject
Project("{9A19103F-16F7-4668-BE54-9A1E7A4F7556}") = "TestApp.Data.Contracts", "TestApp.Data.Contracts\TestApp.Data.Contracts.csproj", "{585DE1DE-D05A-4AF0-86DA-67C399A5D8B7}"
EndProject
Project("{9A19103F-16F7-4668-BE54-9A1E7A4F7556}") = "TestApp.Api.Contracts", "TestApp.Api.Contracts\TestApp.Api.Contracts.csproj", "{175C8040-D86D-454F-980D-0727B58D79D5}"
EndProject
Project("{9A19103F-16F7-4668-BE54-9A1E7A4F7556}") = "TestApp.BLL", "TestApp.BLL\TestApp.BLL.csproj", "{70E95994-1D1E-4FB4-9DDE-46E096BCC2F7}"
EndProject
Project("{9A19103F-16F7-4668-BE54-9A1E7A4F7556}") = "TestApp.BLL.Contracts", "TestApp.BLL.Contracts\TestApp.BLL.Contracts.csproj", "{2B1C3CC2-33FD-422F-94CE-900BC7650B95}"
EndProject
Project("{9A19103F-16F7-4668-BE54-9A1E7A4F7556}") = "TestApp.Api", "TestApp.Api\TestApp.Api.csproj", "{20B1F68A-3736-4665-86B2-26BB48DCDA81}"
EndProject
Project("{9A19103F-16F7-4668-BE54-9A1E7A4F7556}") = "TestApp.Api.WebHost", "TestApp.Api.WebHost\TestApp.Api.WebHost.csproj", "{8E839A88-856A-4D36-B98A-89380CB6AD90}"
EndProject
Project("{9A19103F-16F7-4668-BE54-9A1E7A4F7556}") = "TestApp.Api.UnitTests", "TestApp.Api.UnitTests\TestApp.Api.UnitTests.csproj", "{1698CBDE-9E3C-413E-84BC-C0E50DF89510}"
EndProject
Project("{9A19103F-16F7-4668-BE54-9A1E7A4F7556}") = "TestApp.BLL.UnitTests", "TestApp.BLL.UnitTests\TestApp.BLL.UnitTests.csproj", "{E6398D4F-D16E-4785-B02D-3C5768F769DC}"
EndProject
Project("{2150E333-8FDC-42A3-9474-1A3956D46DE8}") = "Tests", "Tests", "{57590D22-F07B-4696-AD71-B8394EEB8C5C}"
EndProject
Global
	GlobalSection(SolutionConfigurationPlatforms) = preSolution
		Debug|Any CPU = Debug|Any CPU
		Release|Any CPU = Release|Any CPU
	EndGlobalSection
	GlobalSection(ProjectConfigurationPlatforms) = postSolution
		{751974FB-8EDE-40B8-89F9-440E6E5C4E27}.Debug|Any CPU.ActiveCfg = Debug|Any CPU
		{751974FB-8EDE-40B8-89F9-440E6E5C4E27}.Debug|Any CPU.Build.0 = Debug|Any CPU
		{751974FB-8EDE-40B8-89F9-440E6E5C4E27}.Release|Any CPU.ActiveCfg = Release|Any CPU
		{751974FB-8EDE-40B8-89F9-440E6E5C4E27}.Release|Any CPU.Build.0 = Release|Any CPU
		{585DE1DE-D05A-4AF0-86DA-67C399A5D8B7}.Debug|Any CPU.ActiveCfg = Debug|Any CPU
		{585DE1DE-D05A-4AF0-86DA-67C399A5D8B7}.Debug|Any CPU.Build.0 = Debug|Any CPU
		{585DE1DE-D05A-4AF0-86DA-67C399A5D8B7}.Release|Any CPU.ActiveCfg = Release|Any CPU
		{585DE1DE-D05A-4AF0-86DA-67C399A5D8B7}.Release|Any CPU.Build.0 = Release|Any CPU
		{175C8040-D86D-454F-980D-0727B58D79D5}.Debug|Any CPU.ActiveCfg = Debug|Any CPU
		{175C8040-D86D-454F-980D-0727B58D79D5}.Debug|Any CPU.Build.0 = Debug|Any CPU
		{175C8040-D86D-454F-980D-0727B58D79D5}.Release|Any CPU.ActiveCfg = Release|Any CPU
		{175C8040-D86D-454F-980D-0727B58D79D5}.Release|Any CPU.Build.0 = Release|Any CPU
		{70E95994-1D1E-4FB4-9DDE-46E096BCC2F7}.Debug|Any CPU.ActiveCfg = Debug|Any CPU
		{70E95994-1D1E-4FB4-9DDE-46E096BCC2F7}.Debug|Any CPU.Build.0 = Debug|Any CPU
		{70E95994-1D1E-4FB4-9DDE-46E096BCC2F7}.Release|Any CPU.ActiveCfg = Release|Any CPU
		{70E95994-1D1E-4FB4-9DDE-46E096BCC2F7}.Release|Any CPU.Build.0 = Release|Any CPU
		{2B1C3CC2-33FD-422F-94CE-900BC7650B95}.Debug|Any CPU.ActiveCfg = Debug|Any CPU
		{2B1C3CC2-33FD-422F-94CE-900BC7650B95}.Debug|Any CPU.Build.0 = Debug|Any CPU
		{2B1C3CC2-33FD-422F-94CE-900BC7650B95}.Release|Any CPU.ActiveCfg = Release|Any CPU
		{2B1C3CC2-33FD-422F-94CE-900BC7650B95}.Release|Any CPU.Build.0 = Release|Any CPU
		{20B1F68A-3736-4665-86B2-26BB48DCDA81}.Debug|Any CPU.ActiveCfg = Debug|Any CPU
		{20B1F68A-3736-4665-86B2-26BB48DCDA81}.Debug|Any CPU.Build.0 = Debug|Any CPU
		{20B1F68A-3736-4665-86B2-26BB48DCDA81}.Release|Any CPU.ActiveCfg = Release|Any CPU
		{20B1F68A-3736-4665-86B2-26BB48DCDA81}.Release|Any CPU.Build.0 = Release|Any CPU
		{8E839A88-856A-4D36-B98A-89380CB6AD90}.Debug|Any CPU.ActiveCfg = Debug|Any CPU
		{8E839A88-856A-4D36-B98A-89380CB6AD90}.Debug|Any CPU.Build.0 = Debug|Any CPU
		{8E839A88-856A-4D36-B98A-89380CB6AD90}.Release|Any CPU.ActiveCfg = Release|Any CPU
		{8E839A88-856A-4D36-B98A-89380CB6AD90}.Release|Any CPU.Build.0 = Release|Any CPU
		{1698CBDE-9E3C-413E-84BC-C0E50DF89510}.Debug|Any CPU.ActiveCfg = Debug|Any CPU
		{1698CBDE-9E3C-413E-84BC-C0E50DF89510}.Debug|Any CPU.Build.0 = Debug|Any CPU
		{1698CBDE-9E3C-413E-84BC-C0E50DF89510}.Release|Any CPU.ActiveCfg = Release|Any CPU
		{1698CBDE-9E3C-413E-84BC-C0E50DF89510}.Release|Any CPU.Build.0 = Release|Any CPU
		{E6398D4F-D16E-4785-B02D-3C5768F769DC}.Debug|Any CPU.ActiveCfg = Debug|Any CPU
		{E6398D4F-D16E-4785-B02D-3C5768F769DC}.Debug|Any CPU.Build.0 = Debug|Any CPU
		{E6398D4F-D16E-4785-B02D-3C5768F769DC}.Release|Any CPU.ActiveCfg = Release|Any CPU
		{E6398D4F-D16E-4785-B02D-3C5768F769DC}.Release|Any CPU.Build.0 = Release|Any CPU
	EndGlobalSection
	GlobalSection(SolutionProperties) = preSolution
		HideSolutionNode = FALSE
	EndGlobalSection
	GlobalSection(NestedProjects) = preSolution
		{1698CBDE-9E3C-413E-84BC-C0E50DF89510} = {57590D22-F07B-4696-AD71-B8394EEB8C5C}
		{E6398D4F-D16E-4785-B02D-3C5768F769DC} = {57590D22-F07B-4696-AD71-B8394EEB8C5C}
	EndGlobalSection
	GlobalSection(ExtensibilityGlobals) = postSolution
		SolutionGuid = {A5274E15-B1A6-4AB8-90B2-A090C2424354}
	EndGlobalSection
EndGlobal
